
Microsoft Visual Studio Solution File, Format Version 12.00
# Visual Studio Version 16
VisualStudioVersion = 16.0.28606.126
MinimumVisualStudioVersion = 10.0.40219.1
Project("{FAE04EC0-301F-11D3-BF4B-00C04F79EFBC}") = "PEC Collect", "PEC Collect\PEC Collect.csproj", "{91BD08DB-42CE-414D-A81A-ED2A2E0DC275}"
EndProject
Global
	GlobalSection(SolutionConfigurationPlatforms) = preSolution
		Debug|Any CPU = Debug|Any CPU
		Release|Any CPU = Release|Any CPU
	EndGlobalSection
	GlobalSection(ProjectConfigurationPlatforms) = postSolution
		{91BD08DB-42CE-414D-A81A-ED2A2E0DC275}.Debug|Any CPU.ActiveCfg = Debug|Any CPU
		{91BD08DB-42CE-414D-A81A-ED2A2E0DC275}.Debug|Any CPU.Build.0 = Debug|Any CPU
		{91BD08DB-42CE-414D-A81A-ED2A2E0DC275}.Release|Any CPU.ActiveCfg = Release|Any CPU
		{91BD08DB-42CE-414D-A81A-ED2A2E0DC275}.Release|Any CPU.Build.0 = Release|Any CPU
	EndGlobalSection
	GlobalSection(SolutionProperties) = preSolution
		HideSolutionNode = FALSE
	EndGlobalSection
	GlobalSection(ExtensibilityGlobals) = postSolution
		SolutionGuid = {E0E51273-52D4-4F22-BEAD-00102BC1D246}
	EndGlobalSection
EndGlobal
